
Microsoft Visual Studio Solution File, Format Version 12.00
# Visual Studio Version 17
VisualStudioVersion = 17.5.33502.453
MinimumVisualStudioVersion = 10.0.40219.1
Project("{FAE04EC0-301F-11D3-BF4B-00C04F79EFBC}") = "TheFarmingGame", "TheFarmingGame\TheFarmingGame.csproj", "{7B0714B1-9D38-4DC0-876F-8E4854C05230}"
EndProject
Project("{FAE04EC0-301F-11D3-BF4B-00C04F79EFBC}") = "TheFarmingGame.Services", "TheFarmingGame.Services\TheFarmingGame.Services.csproj", "{A0AD8A10-B167-4584-A327-A666D45F9344}"
EndProject
Project("{FAE04EC0-301F-11D3-BF4B-00C04F79EFBC}") = "TheFarmingGame.Repositories", "TheFarmingGame.Repositories\TheFarmingGame.Repositories.csproj", "{425713D6-9378-4403-8AAF-527B9C795F44}"
EndProject
Project("{FAE04EC0-301F-11D3-BF4B-00C04F79EFBC}") = "TheFarmingGame.Domains", "TheFarmingGame.Domains\TheFarmingGame.Domains.csproj", "{68E4079D-5FC6-48D1-8B91-732349A32EA5}"
EndProject
Global
	GlobalSection(SolutionConfigurationPlatforms) = preSolution
		Debug|Any CPU = Debug|Any CPU
		Release|Any CPU = Release|Any CPU
	EndGlobalSection
	GlobalSection(ProjectConfigurationPlatforms) = postSolution
		{7B0714B1-9D38-4DC0-876F-8E4854C05230}.Debug|Any CPU.ActiveCfg = Debug|Any CPU
		{7B0714B1-9D38-4DC0-876F-8E4854C05230}.Debug|Any CPU.Build.0 = Debug|Any CPU
		{7B0714B1-9D38-4DC0-876F-8E4854C05230}.Release|Any CPU.ActiveCfg = Release|Any CPU
		{7B0714B1-9D38-4DC0-876F-8E4854C05230}.Release|Any CPU.Build.0 = Release|Any CPU
		{A0AD8A10-B167-4584-A327-A666D45F9344}.Debug|Any CPU.ActiveCfg = Debug|Any CPU
		{A0AD8A10-B167-4584-A327-A666D45F9344}.Debug|Any CPU.Build.0 = Debug|Any CPU
		{A0AD8A10-B167-4584-A327-A666D45F9344}.Release|Any CPU.ActiveCfg = Release|Any CPU
		{A0AD8A10-B167-4584-A327-A666D45F9344}.Release|Any CPU.Build.0 = Release|Any CPU
		{425713D6-9378-4403-8AAF-527B9C795F44}.Debug|Any CPU.ActiveCfg = Debug|Any CPU
		{425713D6-9378-4403-8AAF-527B9C795F44}.Debug|Any CPU.Build.0 = Debug|Any CPU
		{425713D6-9378-4403-8AAF-527B9C795F44}.Release|Any CPU.ActiveCfg = Release|Any CPU
		{425713D6-9378-4403-8AAF-527B9C795F44}.Release|Any CPU.Build.0 = Release|Any CPU
		{68E4079D-5FC6-48D1-8B91-732349A32EA5}.Debug|Any CPU.ActiveCfg = Debug|Any CPU
		{68E4079D-5FC6-48D1-8B91-732349A32EA5}.Debug|Any CPU.Build.0 = Debug|Any CPU
		{68E4079D-5FC6-48D1-8B91-732349A32EA5}.Release|Any CPU.ActiveCfg = Release|Any CPU
		{68E4079D-5FC6-48D1-8B91-732349A32EA5}.Release|Any CPU.Build.0 = Release|Any CPU
	EndGlobalSection
	GlobalSection(SolutionProperties) = preSolution
		HideSolutionNode = FALSE
	EndGlobalSection
	GlobalSection(ExtensibilityGlobals) = postSolution
		SolutionGuid = {4499C160-710C-42C6-BF6E-9F9B506C4450}
	EndGlobalSection
EndGlobal
